
Microsoft Visual Studio Solution File, Format Version 12.00
# Visual Studio Version 17
VisualStudioVersion = 17.11.35312.102
MinimumVisualStudioVersion = 10.0.40219.1
Project("{FAE04EC0-301F-11D3-BF4B-00C04F79EFBC}") = "Personel Kayıt Sistemi", "Personel Kayıt Sistemi\Personel Kayıt Sistemi.csproj", "{0FEB3DFA-6D17-4D81-A450-6E2A57AFBC9B}"
EndProject
Global
	GlobalSection(SolutionConfigurationPlatforms) = preSolution
		Debug|Any CPU = Debug|Any CPU
		Release|Any CPU = Release|Any CPU
	EndGlobalSection
	GlobalSection(ProjectConfigurationPlatforms) = postSolution
		{0FEB3DFA-6D17-4D81-A450-6E2A57AFBC9B}.Debug|Any CPU.ActiveCfg = Debug|Any CPU
		{0FEB3DFA-6D17-4D81-A450-6E2A57AFBC9B}.Debug|Any CPU.Build.0 = Debug|Any CPU
		{0FEB3DFA-6D17-4D81-A450-6E2A57AFBC9B}.Release|Any CPU.ActiveCfg = Release|Any CPU
		{0FEB3DFA-6D17-4D81-A450-6E2A57AFBC9B}.Release|Any CPU.Build.0 = Release|Any CPU
	EndGlobalSection
	GlobalSection(SolutionProperties) = preSolution
		HideSolutionNode = FALSE
	EndGlobalSection
	GlobalSection(ExtensibilityGlobals) = postSolution
		SolutionGuid = {CF8B6816-FB23-4005-8131-F91AF2B03252}
	EndGlobalSection
EndGlobal
